{
  "lockfileVersion": 1,
  "configVersion": 1,
  "workspaces": {
    "": {
      "name": "@t1ckbase/vscode-langservers-extracted",
      "dependencies": {
        "typescript": "^6.0.3",
        "vscode-markdown-languageserver": "^0.5.0",
      },
      "devDependencies": {
        "@types/bun": "latest",
        "oxfmt": "^0.65.0",
        "vscode-jsonrpc": "^9.0.0",
        "vscode-languageserver-protocol": "^3.17.5",
      },
    },
  },
  "packages": {
    "@oxfmt/binding-android-arm-eabi": ["@oxfmt/binding-android-arm-eabi@0.65.0", "", { "os": "android", "cpu": "arm" }, "sha512-M10Gs1SSpTNI6ahGx3M/OlIdUF4hkaP6OgUb+MS79t/Pgflk3r1nW5gPFqsZGUAXg0H1AfANT9AvLdBSTIhZKg=="],

    "@oxfmt/binding-android-arm64": ["@oxfmt/binding-android-arm64@0.65.0", "", { "os": "android", "cpu": "arm64" }, "sha512-6DXH5sftNlaHpWJG50hFMF+Qxtq5D2TmahvcDPxWNcGIf8qrC9Y0YgHYcYZ2hlWzaccKXh/f3GcssH8vtkl4JA=="],

    "@oxfmt/binding-darwin-arm64": ["@oxfmt/binding-darwin-arm64@0.65.0", "", { "os": "darwin", "cpu": "arm64" }, "sha512-K9m7lr53pcOLETNsC88sWes/GWHUGjZyHx95UhYcSXy0r30haLdeXlSufSenEAtoLaW753WN8/l4M7GYcRt6cg=="],

    "@oxfmt/binding-darwin-x64": ["@oxfmt/binding-darwin-x64@0.65.0", "", { "os": "darwin", "cpu": "x64" }, "sha512-sTNwIx1gre3MyiHOPLu7IGW4UyMScYL4DTmJT01p4vzB0En+OJUQz6KuH8t0PpsClRSaMuY3b0QmtoPItfO8Lg=="],

    "@oxfmt/binding-freebsd-x64": ["@oxfmt/binding-freebsd-x64@0.65.0", "", { "os": "freebsd", "cpu": "x64" }, "sha512-lYZMVIiIpnjGu5hJb2jxA8NYQ/e0OTGuaiAf4dqlGPNnPmUTu23FZRMltmjro/KkQm1uE4NT4n5yJ2zWmKcpfA=="],

    "@oxfmt/binding-linux-arm-gnueabihf": ["@oxfmt/binding-linux-arm-gnueabihf@0.65.0", "", { "os": "linux", "cpu": "arm" }, "sha512-gIdXFAt/bURnjxuoedDEWdZ0PEWEmdDcm8qdpoFYYvW3QMk/5D4vUaH4mlMeRpeTdST4izUgHVO6RawQ4QulJw=="],

    "@oxfmt/binding-linux-arm-musleabihf": ["@oxfmt/binding-linux-arm-musleabihf@0.65.0", "", { "os": "linux", "cpu": "arm" }, "sha512-jJVyADto7gA2AaX5qAjAexrxx9PJQaKWOe8PICE7yKMbjBRyOHcmj9TtVJ+MZYDUQ3hodU0AcoTj0jFQ1W4C6Q=="],

    "@oxfmt/binding-linux-arm64-gnu": ["@oxfmt/binding-linux-arm64-gnu@0.65.0", "", { "os": "linux", "cpu": "arm64" }, "sha512-p3RFkB+u7u+8up99b/NEcI1hdpLDiGgJYNwDorB60n7eH+eKposAKuMBxx+NqB3b+sJP4CZmYDh9G7X62tUsKg=="],

    "@oxfmt/binding-linux-arm64-musl": ["@oxfmt/binding-linux-arm64-musl@0.65.0", "", { "os": "linux", "cpu": "arm64" }, "sha512-5Prb0uFzJHr+OUD/qS/TmU526wD+PaHDsm3KoRiUXbMIDpTSErjeQYkK3OQeshAvD/PuLa9WGEi9WPajjdOZJg=="],

    "@oxfmt/binding-linux-ppc64-gnu": ["@oxfmt/binding-linux-ppc64-gnu@0.65.0", "", { "os": "linux", "cpu": "ppc64" }, "sha512-S8svxTp81obnF3admN9yd+u2rOYXtyzThLGBTg1PY6TPtGcC09BaaXLQD+TBSMa7yvqhCDZ8DFri+S/yG60qCg=="],

    "@oxfmt/binding-linux-riscv64-gnu": ["@oxfmt/binding-linux-riscv64-gnu@0.65.0", "", { "os": "linux", "cpu": "none" }, "sha512-WtXBr75G/h2qOHy8SiGtC1R6aS3jt4mE52v1D8AtwMXIgoOmSNP9lKvbSaTRoL0e5wsMPoi6T72QWDYPu+S+nA=="],

    "@oxfmt/binding-linux-riscv64-musl": ["@oxfmt/binding-linux-riscv64-musl@0.65.0", "", { "os": "linux", "cpu": "none" }, "sha512-YwSLVvpaz4o/nv/miiPEBJz+eJ+VmbgNIrao6RccK9ce+L5EA8wP+ZD0uFeq6wKOza6zoWv/dR0sj6lip6R3EA=="],

    "@oxfmt/binding-linux-s390x-gnu": ["@oxfmt/binding-linux-s390x-gnu@0.65.0", "", { "os": "linux", "cpu": "s390x" }, "sha512-XQTPqgvyrgkKcFq+Tp2eK6JS7sqqJ+nRmy2Fav4j3I+i4dJoPJm7YwEdoeSDX9xkqj9jZ/lWfF3bXUWztIrn6A=="],

    "@oxfmt/binding-linux-x64-gnu": ["@oxfmt/binding-linux-x64-gnu@0.65.0", "", { "os": "linux", "cpu": "x64" }, "sha512-cjZlx6S/VkeCNWCbwZriTnLnZeTcV3DEyeRGSw/2wwLP9viq+C0bJ4bC1k/ZLkFxDcB1lUgSasPkYGP1bdraOg=="],

    "@oxfmt/binding-linux-x64-musl": ["@oxfmt/binding-linux-x64-musl@0.65.0", "", { "os": "linux", "cpu": "x64" }, "sha512-2azCjxdLtK4zCcIOU1dlXlU0xxfbPi6EjwWx7Ac7teWPidIIDOcIhudup83xNCKYhtqeVd/gaVDOxbUq4syXWA=="],

    "@oxfmt/binding-openharmony-arm64": ["@oxfmt/binding-openharmony-arm64@0.65.0", "", { "os": "none", "cpu": "arm64" }, "sha512-KXQ7xi1e/voP0IQaw6fG6XY4Z5+Llf1XmRSZS1t7pVFCecFJ0iXaboKmVwjFtp5MLlT5iWQrJ2U1C3GJdZ2u+Q=="],

    "@oxfmt/binding-win32-arm64-msvc": ["@oxfmt/binding-win32-arm64-msvc@0.65.0", "", { "os": "win32", "cpu": "arm64" }, "sha512-2FbbjG5jEqLSLKVJwBap84uJfpn5Y5A53KEO0aUNr+zeiRB9nyPUIFMcSbZVMFLitfBytFWRNngozXYjb6Rsbw=="],

    "@oxfmt/binding-win32-ia32-msvc": ["@oxfmt/binding-win32-ia32-msvc@0.65.0", "", { "os": "win32", "cpu": "ia32" }, "sha512-LJ+ZacAPSjegDOnSLyA1TMWAhdDrsK4el3REdr1oL2UtVBCMhO2II/Sb3cEW6mF2MfLhl8hDNCSvc7KSbgk3LQ=="],

    "@oxfmt/binding-win32-x64-msvc": ["@oxfmt/binding-win32-x64-msvc@0.65.0", "", { "os": "win32", "cpu": "x64" }, "sha512-higu9cWEO6XXFzATD1jf0mCK34rNfN2H9JrJie7QB1IhleVpTh0QlLH9Ip2C1H/Nd5n0v5pvRtC+5R0uE4HpVg=="],

    "@types/bun": ["@types/bun@1.4.0", "", { "dependencies": { "bun-types": "1.4.0" } }, "sha512-K+lZULY23vRgK/CfTjFIV+tyifaNdSMlPh9j+6mQ/cLfpOznLyAuzgV/JQysyECpkBQLVMSyvjlr2fBUSA9wFQ=="],

    "@types/node": ["@types/node@22.19.19", "", { "dependencies": { "undici-types": "~6.21.0" } }, "sha512-dyh/xO2Fh5bYrfWaaqGrRQQGkNdmYw6AmaAUvYeUMNTWQtvb796ikLdmTchRmOlOiIJ1TDXfWgVx1QkUlQ6Hew=="],

    "@vscode/l10n": ["@vscode/l10n@0.0.11", "", {}, "sha512-ukOMWnCg1tCvT7WnDfsUKQOFDQGsyR5tNgRpwmqi+5/vzU3ghdDXzvIM4IOPdSb3OeSsBNvmSL8nxIVOqi2WXA=="],

    "boolbase": ["boolbase@1.0.0", "", {}, "sha512-JZOSA7Mo9sNGB8+UjSgzdLtokWAky1zbztM3WRLCbZ70/3cTANmQmOdR7y2g+J0e2WXywy1yS468tY+IruqEww=="],

    "bun-types": ["bun-types@1.4.0", "", { "dependencies": { "@types/node": "*" } }, "sha512-iIKw23BspnQQYd3prITOBxeUsxBHnwzX6YJfGMuNOZzeNcMmVqzIIVGRm1l69ogaPQmb4wB6BN8mA5bE9YuC5Q=="],

    "css-select": ["css-select@5.2.2", "", { "dependencies": { "boolbase": "^1.0.0", "css-what": "^6.1.0", "domhandler": "^5.0.2", "domutils": "^3.0.1", "nth-check": "^2.0.1" } }, "sha512-TizTzUddG/xYLA3NXodFM0fSbNizXjOKhqiQQwvhlspadZokn1KDy0NZFS0wuEubIYAV5/c1/lAr0TaaFXEXzw=="],

    "css-what": ["css-what@6.2.2", "", {}, "sha512-u/O3vwbptzhMs3L1fQE82ZSLHQQfto5gyZzwteVIEyeaY5Fc7R4dapF/BvRoSYFeqfBk4m0V1Vafq5Pjv25wvA=="],

    "dom-serializer": ["dom-serializer@2.0.0", "", { "dependencies": { "domelementtype": "^2.3.0", "domhandler": "^5.0.2", "entities": "^4.2.0" } }, "sha512-wIkAryiqt/nV5EQKqQpo3SToSOV9J0DnbJqwK7Wv/Trc92zIAYZ4FlMu+JPFW1DfGFt81ZTCGgDEabffXeLyJg=="],

    "domelementtype": ["domelementtype@2.3.0", "", {}, "sha512-OLETBj6w0OsagBwdXnPdN0cnMfF9opN69co+7ZrbfPGrdpPVNBUj02spi6B1N7wChLQiPn4CSH/zJvXw56gmHw=="],

    "domhandler": ["domhandler@5.0.3", "", { "dependencies": { "domelementtype": "^2.3.0" } }, "sha512-cgwlv/1iFQiFnU96XXgROh8xTeetsnJiDsTc7TYCLFd9+/WNkIqPTxiM/8pSd8VIrhXGTf1Ny1q1hquVqDJB5w=="],

    "domutils": ["domutils@3.2.2", "", { "dependencies": { "dom-serializer": "^2.0.0", "domelementtype": "^2.3.0", "domhandler": "^5.0.3" } }, "sha512-6kZKyUajlDuqlHKVX1w7gyslj9MPIXzIFiz/rGu35uC1wMi+kMhQwGhl4lt9unC9Vb9INnY9Z3/ZA3+FhASLaw=="],

    "entities": ["entities@4.5.0", "", {}, "sha512-V0hjH4dGPh9Ao5p0MoRY6BVqtwCjhz6vI5LT8AJ55H+4g9/4vbHx1I54fS0XuclLhDHArPQCiMjDxjaL8fPxhw=="],

    "he": ["he@1.2.0", "", { "bin": { "he": "bin/he" } }, "sha512-F/1DnUGPopORZi0ni+CvrCgHQ5FyEAHRLSApuYWMmrbSwoN2Mn/7k+Gl38gJnR7yyDZk6WLXwiGod1JOWNDKGw=="],

    "node-html-parser": ["node-html-parser@6.1.13", "", { "dependencies": { "css-select": "^5.1.0", "he": "1.2.0" } }, "sha512-qIsTMOY4C/dAa5Q5vsobRpOOvPfC4pB61UVW2uSwZNUp0QU/jCekTal1vMmbO0DgdHeLUJpv/ARmDqErVxA3Sg=="],

    "nth-check": ["nth-check@2.1.1", "", { "dependencies": { "boolbase": "^1.0.0" } }, "sha512-lqjrjmaOoAnWfMmBPL+XNnynZh2+swxiX3WUE0s4yEHI6m+AwrK2UZOimIRl3X/4QctVqS8AiZjFqyOGrMXb/w=="],

    "oxfmt": ["oxfmt@0.65.0", "", { "dependencies": { "tinypool": "2.1.0" }, "optionalDependencies": { "@oxfmt/binding-android-arm-eabi": "0.65.0", "@oxfmt/binding-android-arm64": "0.65.0", "@oxfmt/binding-darwin-arm64": "0.65.0", "@oxfmt/binding-darwin-x64": "0.65.0", "@oxfmt/binding-freebsd-x64": "0.65.0", "@oxfmt/binding-linux-arm-gnueabihf": "0.65.0", "@oxfmt/binding-linux-arm-musleabihf": "0.65.0", "@oxfmt/binding-linux-arm64-gnu": "0.65.0", "@oxfmt/binding-linux-arm64-musl": "0.65.0", "@oxfmt/binding-linux-ppc64-gnu": "0.65.0", "@oxfmt/binding-linux-riscv64-gnu": "0.65.0", "@oxfmt/binding-linux-riscv64-musl": "0.65.0", "@oxfmt/binding-linux-s390x-gnu": "0.65.0", "@oxfmt/binding-linux-x64-gnu": "0.65.0", "@oxfmt/binding-linux-x64-musl": "0.65.0", "@oxfmt/binding-openharmony-arm64": "0.65.0", "@oxfmt/binding-win32-arm64-msvc": "0.65.0", "@oxfmt/binding-win32-ia32-msvc": "0.65.0", "@oxfmt/binding-win32-x64-msvc": "0.65.0" }, "peerDependencies": { "svelte": "^5.0.0", "vite-plus": "*" }, "optionalPeers": ["svelte", "vite-plus"], "bin": { "oxfmt": "bin/oxfmt" } }, "sha512-SgS5VgnP42T0zl3zWD+xoH8FCqg1SAFnSRoOT/qeoa6gxcYIqrDMOmcXIg/EWSN92Du4ogB4riuKhKd6Y4CGhw=="],

    "picomatch": ["picomatch@2.3.2", "", {}, "sha512-V7+vQEJ06Z+c5tSye8S+nHUfI51xoXIXjHQ99cQtKUkQqqO1kO/KCJUfZXuB47h/YBlDhah2H3hdUGXn8ie0oA=="],

    "tinypool": ["tinypool@2.1.0", "", {}, "sha512-Pugqs6M0m7Lv1I7FtxN4aoyToKg1C4tu+/381vH35y8oENM/Ai7f7C4StcoK4/+BSw9ebcS8jRiVrORFKCALLw=="],

    "typescript": ["typescript@6.0.3", "", { "bin": { "tsc": "bin/tsc", "tsserver": "bin/tsserver" } }, "sha512-y2TvuxSZPDyQakkFRPZHKFm+KKVqIisdg9/CZwm9ftvKXLP8NRWj38/ODjNbr43SsoXqNuAisEf1GdCxqWcdBw=="],

    "undici-types": ["undici-types@6.21.0", "", {}, "sha512-iwDZqg0QAGrg9Rav5H4n0M64c3mkR59cJ6wQp+7C4nI0gsmExaedaYLNO44eT4AtBBwjbTiGPMlt2Md0T9H9JQ=="],

    "vscode-jsonrpc": ["vscode-jsonrpc@9.0.2", "", {}, "sha512-SbQSV9yRemARxeXw6LU5sS6Zq0e9/DgCCX5yelH263ZQWukbTk8EF8fjTrr1dziasf4GwlJbvTwFnTrnQFWZXQ=="],

    "vscode-languageserver": ["vscode-languageserver@9.0.1", "", { "dependencies": { "vscode-languageserver-protocol": "3.17.5" }, "bin": { "installServerIntoExtension": "bin/installServerIntoExtension" } }, "sha512-woByF3PDpkHFUreUa7Hos7+pUWdeWMXRd26+ZX2A8cFx6v/JPTtd4/uN0/jB6XQHYaOlHbio03NTHCqrgG5n7g=="],

    "vscode-languageserver-protocol": ["vscode-languageserver-protocol@3.18.3", "", { "dependencies": { "vscode-jsonrpc": "9.0.2", "vscode-languageserver-types": "3.18.3" } }, "sha512-DF49+WeV5py4zO5hhobp60jjsDSK0lAqA0OuKBLBvp423HPWQcCbhZz3JgyfIewsEz2f8U+X75xNIFHdiXZm2w=="],

    "vscode-languageserver-textdocument": ["vscode-languageserver-textdocument@1.0.12", "", {}, "sha512-cxWNPesCnQCcMPeenjKKsOCKQZ/L6Tv19DTRIGuLWe32lyzWhihGVJ/rcckZXJxfdKCFvRLS3fpBIsV/ZGX4zA=="],

    "vscode-languageserver-types": ["vscode-languageserver-types@3.18.3", "", {}, "sha512-XIlzJ7Qp/jzSI1ds7/FwPAWrPeTZA7pAtlW4hdJ1J6xXWJL6dR9QYnDhJOdLzdKhUQ5Mm6mvUMw+3DcOQQasPw=="],

    "vscode-markdown-languageserver": ["vscode-markdown-languageserver@0.5.0", "", { "dependencies": { "@vscode/l10n": "^0.0.11", "vscode-languageserver": "^9.0.1", "vscode-languageserver-textdocument": "^1.0.12", "vscode-languageserver-types": "^3.17.5", "vscode-markdown-languageservice": "0.5.0", "vscode-uri": "^3.1.0" } }, "sha512-V4y0kJW766d+KyYSKdMJa/tMZ3qXVH6caFK2IGZr/M4jQQkDjk8hc4J7G5pnL3RTQrgCtsxo9RIf31gU5pj+jQ=="],

    "vscode-markdown-languageservice": ["vscode-markdown-languageservice@0.5.0", "", { "dependencies": { "@vscode/l10n": "^0.0.18", "node-html-parser": "^6.1.5", "picomatch": "^2.3.1", "vscode-languageserver-protocol": "^3.17.1", "vscode-languageserver-textdocument": "^1.0.11", "vscode-uri": "^3.0.7" } }, "sha512-+DDXukKWtIHvJtj6tXeLqj8iREnylDQw4yRjY3ldv2J66/oiKRJyLLUy4YhMhfBm9Edjci6VhOSpE84AU3ZFXA=="],

    "vscode-uri": ["vscode-uri@3.1.0", "", {}, "sha512-/BpdSx+yCQGnCvecbyXdxHDkuk55/G3xwnC0GqY4gmQ3j+A+g8kzzgB4Nk/SINjqn6+waqw3EgbVF2QKExkRxQ=="],

    "vscode-languageserver/vscode-languageserver-protocol": ["vscode-languageserver-protocol@3.17.5", "", { "dependencies": { "vscode-jsonrpc": "8.2.0", "vscode-languageserver-types": "3.17.5" } }, "sha512-mb1bvRJN8SVznADSGWM9u/b07H7Ecg0I3OgXDuLdn307rl/J3A9YD6/eYOssqhecL27hK1IPZAsaqh00i/Jljg=="],

    "vscode-markdown-languageserver/vscode-languageserver-types": ["vscode-languageserver-types@3.18.0", "", {}, "sha512-8TsGPNMIMiiBdkORgRSvLjuiEIiAFtO+KssmYWxQ+uSVvlf7RjK8YKCOjPzZ+YA04jXEV7+7LvkSmHkhpNS99g=="],

    "vscode-markdown-languageservice/@vscode/l10n": ["@vscode/l10n@0.0.18", "", {}, "sha512-KYSIHVmslkaCDyw013pphY+d7x1qV8IZupYfeIfzNA+nsaWHbn5uPuQRvdRFsa9zFzGeudPuoGoZ1Op4jrJXIQ=="],

    "vscode-markdown-languageservice/vscode-languageserver-protocol": ["vscode-languageserver-protocol@3.18.0", "", { "dependencies": { "vscode-jsonrpc": "9.0.0", "vscode-languageserver-types": "3.18.0" } }, "sha512-Zdz+kJ12Iz6tc11xfZyEo501bBATHXrCjmMfnaR3pMnf1CoqZBKIynba3P+/bi9VEdrMbNtAVKYpKhbODvqy+Q=="],

    "vscode-languageserver/vscode-languageserver-protocol/vscode-jsonrpc": ["vscode-jsonrpc@8.2.0", "", {}, "sha512-C+r0eKJUIfiDIfwJhria30+TYWPtuHJXHtI7J0YlOmKAo7ogxP20T0zxB7HZQIFhIyvoBPwWskjxrvAtfjyZfA=="],

    "vscode-languageserver/vscode-languageserver-protocol/vscode-languageserver-types": ["vscode-languageserver-types@3.17.5", "", {}, "sha512-Ld1VelNuX9pdF39h2Hgaeb5hEZM2Z3jUrrMgWQAu82jMtZp7p3vJT3BzToKtZI7NgQssZje5o0zryOrhQvzQAg=="],

    "vscode-markdown-languageservice/vscode-languageserver-protocol/vscode-jsonrpc": ["vscode-jsonrpc@9.0.0", "", {}, "sha512-+VvMmQPJhtvJ+8O+zu2JKIRiLxXF8NW7krWgyMGeOHrp4Cn23T5hc0v2LknNeopDOB70wghHAds7mKtcZ0I4Sg=="],

    "vscode-markdown-languageservice/vscode-languageserver-protocol/vscode-languageserver-types": ["vscode-languageserver-types@3.18.0", "", {}, "sha512-8TsGPNMIMiiBdkORgRSvLjuiEIiAFtO+KssmYWxQ+uSVvlf7RjK8YKCOjPzZ+YA04jXEV7+7LvkSmHkhpNS99g=="],
  }
}
